// !$*UTF8*$!
{
	archiveVersion = 1;
	classes = {
	};
	objectVersion = 48;
	objects = {

/* Begin PBXBuildFile section */
		BC15DF8320724D210075B141 /* AppDelegate.swift in Sources */ = {isa = PBXBuildFile; fileRef = BC15DF8220724D210075B141 /* AppDelegate.swift */; };
		BC15DF8520724D210075B141 /* ViewController.swift in Sources */ = {isa = PBXBuildFile; fileRef = BC15DF8420724D210075B141 /* ViewController.swift */; };
		BC15DF8820724D210075B141 /* Main.storyboard in Resources */ = {isa = PBXBuildFile; fileRef = BC15DF8620724D210075B141 /* Main.storyboard */; };
		BC15DF8A20724D210075B141 /* Assets.xcassets in Resources */ = {isa = PBXBuildFile; fileRef = BC15DF8920724D210075B141 /* Assets.xcassets */; };
		BC15DF8D20724D210075B141 /* LaunchScreen.storyboard in Resources */ = {isa = PBXBuildFile; fileRef = BC15DF8B20724D210075B141 /* LaunchScreen.storyboard */; };
		BC15DF9520724D6C0075B141 /* OperationQueueManager.swift in Sources */ = {isa = PBXBuildFile; fileRef = BC15DF9420724D6C0075B141 /* OperationQueueManager.swift */; };
/* End PBXBuildFile section */

/* Begin PBXFileReference section */
		BC15DF7F20724D210075B141 /* JWSOperationQueueSample.app */ = {isa = PBXFileReference; explicitFileType = wrapper.application; includeInIndex = 0; path = JWSOperationQueueSample.app; sourceTree = BUILT_PRODUCTS_DIR; };
		BC15DF8220724D210075B141 /* AppDelegate.swift */ = {isa = PBXFileReference; lastKnownFileType = sourcecode.swift; path = AppDelegate.swift; sourceTree = "<group>"; };
		BC15DF8420724D210075B141 /* ViewController.swift */ = {isa = PBXFileReference; lastKnownFileType = sourcecode.swift; path = ViewController.swift; sourceTree = "<group>"; };
		BC15DF8720724D210075B141 /* Base */ = {isa = PBXFileReference; lastKnownFileType = file.storyboard; name = Base; path = Base.lproj/Main.storyboard; sourceTree = "<group>"; };
		BC15DF8920724D210075B141 /* Assets.xcassets */ = {isa = PBXFileReference; lastKnownFileType = folder.assetcatalog; path = Assets.xcassets; sourceTree = "<group>"; };
		BC15DF8C20724D210075B141 /* Base */ = {isa = PBXFileReference; lastKnownFileType = file.storyboard; name = Base; path = Base.lproj/LaunchScreen.storyboard; sourceTree = "<group>"; };
		BC15DF8E20724D210075B141 /* Info.plist */ = {isa = PBXFileReference; lastKnownFileType = text.plist.xml; path = Info.plist; sourceTree = "<group>"; };
		BC15DF9420724D6C0075B141 /* OperationQueueManager.swift */ = {isa = PBXFileReference; lastKnownFileType = sourcecode.swift; path = OperationQueueManager.swift; sourceTree = "<group>"; };
/* End PBXFileReference section */

/* Begin PBXFrameworksBuildPhase section */
		BC15DF7C20724D210075B141 /* Frameworks */ = {
			isa = PBXFrameworksBuildPhase;
			buildActionMask = 2147483647;
			files = (
			);
			runOnlyForDeploymentPostprocessing = 0;
		};
/* End PBXFrameworksBuildPhase section */

/* Begin PBXGroup section */
		BC15DF7620724D210075B141 = {
			isa = PBXGroup;
			children = (
				BC15DF8120724D210075B141 /* JWSOperationQueueSample */,
				BC15DF8020724D210075B141 /* Products */,
			);
			sourceTree = "<group>";
		};
		BC15DF8020724D210075B141 /* Products */ = {
			isa = PBXGroup;
			children = (
				BC15DF7F20724D210075B141 /* JWSOperationQueueSample.app */,
			);
			name = Products;
			sourceTree = "<group>";
		};
		BC15DF8120724D210075B141 /* JWSOperationQueueSample */ = {
			isa = PBXGroup;
			children = (
				BC15DF9420724D6C0075B141 /* OperationQueueManager.swift */,
				BC15DF8220724D210075B141 /* AppDelegate.swift */,
				BC15DF8420724D210075B141 /* ViewController.swift */,
				BC15DF8620724D210075B141 /* Main.storyboard */,
				BC15DF8920724D210075B141 /* Assets.xcassets */,
				BC15DF8B20724D210075B141 /* LaunchScreen.storyboard */,
				BC15DF8E20724D210075B141 /* Info.plist */,
			);
			path = JWSOperationQueueSample;
			sourceTree = "<group>";
		};
/* End PBXGroup section */

/* Begin PBXNativeTarget section */
		BC15DF7E20724D210075B141 /* JWSOperationQueueSample */ = {
			isa = PBXNativeTarget;
			buildConfigurationList = BC15DF9120724D210075B141 /* Build configuration list for PBXNativeTarget "JWSOperationQueueSample" */;
			buildPhases = (
				BC15DF7B20724D210075B141 /* Sources */,
				BC15DF7C20724D210075B141 /* Frameworks */,
				BC15DF7D20724D210075B141 /* Resources */,
			);
			buildRules = (
			);
			dependencies = (
			);
			name = JWSOperationQueueSample;
			productName = JWSOperationQueueSample;
			productReference = BC15DF7F20724D210075B141 /* JWSOperationQueueSample.app */;
			productType = "com.apple.product-type.application";
		};
/* End PBXNativeTarget section */

/* Begin PBXProject section */
		BC15DF7720724D210075B141 /* Project object */ = {
			isa = PBXProject;
			attributes = {
				LastSwiftUpdateCheck = 0920;
				LastUpgradeCheck = 0920;
				ORGANIZATIONNAME = clint;
				TargetAttributes = {
					BC15DF7E20724D210075B141 = {
						CreatedOnToolsVersion = 9.2;
						ProvisioningStyle = Automatic;
					};
				};
			};
			buildConfigurationList = BC15DF7A20724D210075B141 /* Build configuration list for PBXProject "JWSOperationQueueSample" */;
			compatibilityVersion = "Xcode 8.0";
			developmentRegion = en;
			hasScannedForEncodings = 0;
			knownRegions = (
				en,
				Base,
			);
			mainGroup = BC15DF7620724D210075B141;
			productRefGroup = BC15DF8020724D210075B141 /* Products */;
			projectDirPath = "";
			projectRoot = "";
			targets = (
				BC15DF7E20724D210075B141 /* JWSOperationQueueSample */,
			);
		};
/* End PBXProject section */

/* Begin PBXResourcesBuildPhase section */
		BC15DF7D20724D210075B141 /* Resources */ = {
			isa = PBXResourcesBuildPhase;
			buildActionMask = 2147483647;
			files = (
				BC15DF8D20724D210075B141 /* LaunchScreen.storyboard in Resources */,
				BC15DF8A20724D210075B141 /* Assets.xcassets in Resources */,
				BC15DF8820724D210075B141 /* Main.storyboard in Resources */,
			);
			runOnlyForDeploymentPostprocessing = 0;
		};
/* End PBXResourcesBuildPhase section */

/* Begin PBXSourcesBuildPhase section */
		BC15DF7B20724D210075B141 /* Sources */ = {
			isa = PBXSourcesBuildPhase;
			buildActionMask = 2147483647;
			files = (
				BC15DF8520724D210075B141 /* ViewController.swift in Sources */,
				BC15DF8320724D210075B141 /* AppDelegate.swift in Sources */,
				BC15DF9520724D6C0075B141 /* OperationQueueManager.swift in Sources */,
			);
			runOnlyForDeploymentPostprocessing = 0;
		};
/* End PBXSourcesBuildPhase section */

/* Begin PBXVariantGroup section */
		BC15DF8620724D210075B141 /* Main.storyboard */ = {
			isa = PBXVariantGroup;
			children = (
				BC15DF8720724D210075B141 /* Base */,
			);
			name = Main.storyboard;
			sourceTree = "<group>";
		};
		BC15DF8B20724D210075B141 /* LaunchScreen.storyboard */ = {
			isa = PBXVariantGroup;
			children = (
				BC15DF8C20724D210075B141 /* Base */,
			);
			name = LaunchScreen.storyboard;
			sourceTree = "<group>";
		};
/* End PBXVariantGroup section */

/* Begin XCBuildConfiguration section */
		BC15DF8F20724D210075B141 /* Debug */ = {
			isa = XCBuildConfiguration;
			buildSettings = {
				ALWAYS_SEARCH_USER_PATHS = NO;
				CLANG_ANALYZER_NONNULL = YES;
				CLANG_ANALYZER_NUMBER_OBJECT_CONVERSION = YES_AGGRESSIVE;
				CLANG_CXX_LANGUAGE_STANDARD = "gnu++14";
				CLANG_CXX_LIBRARY = "libc++";
				CLANG_ENABLE_MODULES = YES;
				CLANG_ENABLE_OBJC_ARC = YES;
				CLANG_WARN_BLOCK_CAPTURE_AUTORELEASING = YES;
				CLANG_WARN_BOOL_CONVERSION = YES;
				CLANG_WARN_COMMA = YES;
				CLANG_WARN_CONSTANT_CONVERSION = YES;
				CLANG_WARN_DIRECT_OBJC_ISA_USAGE = YES_ERROR;
				CLANG_WARN_DOCUMENTATION_COMMENTS = YES;
				CLANG_WARN_EMPTY_BODY = YES;
				CLANG_WARN_ENUM_CONVERSION = YES;
				CLANG_WARN_INFINITE_RECURSION = YES;
				CLANG_WARN_INT_CONVERSION = YES;
				CLANG_WARN_NON_LITERAL_NULL_CONVERSION = YES;
				CLANG_WARN_OBJC_LITERAL_CONVERSION = YES;
				CLANG_WARN_OBJC_ROOT_CLASS = YES_ERROR;
				CLANG_WARN_RANGE_LOOP_ANALYSIS = YES;
				CLANG_WARN_STRICT_PROTOTYPES = YES;
				CLANG_WARN_SUSPICIOUS_MOVE = YES;
				CLANG_WARN_UNGUARDED_AVAILABILITY = YES_AGGRESSIVE;
				CLANG_WARN_UNREACHABLE_CODE = YES;
				CLANG_WARN__DUPLICATE_METHOD_MATCH = YES;
				CODE_SIGN_IDENTITY = "iPhone Developer";
				COPY_PHASE_STRIP = NO;
				DEBUG_INFORMATION_FORMAT = dwarf;
				ENABLE_STRICT_OBJC_MSGSEND = YES;
				ENABLE_TESTABILITY = YES;
				GCC_C_LANGUAGE_STANDARD = gnu11;
				GCC_DYNAMIC_NO_PIC = NO;
				GCC_NO_COMMON_BLOCKS = YES;
				GCC_OPTIMIZATION_LEVEL = 0;
				GCC_PREPROCESSOR_DEFINITIONS = (
					"DEBUG=1",
					"$(inherited)",
				);
				GCC_WARN_64_TO_32_BIT_CONVERSION = YES;
				GCC_WARN_ABOUT_RETURN_TYPE = YES_ERROR;
				GCC_WARN_UNDECLARED_SELECTOR = YES;
				GCC_WARN_UNINITIALIZED_AUTOS = YES_AGGRESSIVE;
				GCC_WARN_UNUSED_FUNCTION = YES;
				GCC_WARN_UNUSED_VARIABLE = YES;
				IPHONEOS_DEPLOYMENT_TARGET = 11.2;
				MTL_ENABLE_DEBUG_INFO = YES;
				ONLY_ACTIVE_ARCH = YES;
				SDKROOT = iphoneos;
				SWIFT_ACTIVE_COMPILATION_CONDITIONS = DEBUG;
				SWIFT_OPTIMIZATION_LEVEL = "-Onone";
			};
			name = Debug;
		};
		BC15DF9020724D210075B141 /* Release */ = {
			isa = XCBuildConfiguration;
			buildSettings = {
				ALWAYS_SEARCH_USER_PATHS = NO;
				CLANG_ANALYZER_NONNULL = YES;
				CLANG_ANALYZER_NUMBER_OBJECT_CONVERSION = YES_AGGRESSIVE;
				CLANG_CXX_LANGUAGE_STANDARD = "gnu++14";
				CLANG_CXX_LIBRARY = "libc++";
				CLANG_ENABLE_MODULES = YES;
				CLANG_ENABLE_OBJC_ARC = YES;
				CLANG_WARN_BLOCK_CAPTURE_AUTORELEASING = YES;
				CLANG_WARN_BOOL_CONVERSION = YES;
				CLANG_WARN_COMMA = YES;
				CLANG_WARN_CONSTANT_CONVERSION = YES;
				CLANG_WARN_DIRECT_OBJC_ISA_USAGE = YES_ERROR;
				CLANG_WARN_DOCUMENTATION_COMMENTS = YES;
				CLANG_WARN_EMPTY_BODY = YES;
				CLANG_WARN_ENUM_CONVERSION = YES;
				CLANG_WARN_INFINITE_RECURSION = YES;
				CLANG_WARN_INT_CONVERSION = YES;
				CLANG_WARN_NON_LITERAL_NULL_CONVERSION = YES;
				CLANG_WARN_OBJC_LITERAL_CONVERSION = YES;
				CLANG_WARN_OBJC_ROOT_CLASS = YES_ERROR;
				CLANG_WARN_RANGE_LOOP_ANALYSIS = YES;
				CLANG_WARN_STRICT_PROTOTYPES = YES;
				CLANG_WARN_SUSPICIOUS_MOVE = YES;
				CLANG_WARN_UNGUARDED_AVAILABILITY = YES_AGGRESSIVE;
				CLANG_WARN_UNREACHABLE_CODE = YES;
				CLANG_WARN__DUPLICATE_METHOD_MATCH = YES;
				CODE_SIGN_IDENTITY = "iPhone Developer";
				COPY_PHASE_STRIP = NO;
				DEBUG_INFORMATION_FORMAT = "dwarf-with-dsym";
				ENABLE_NS_ASSERTIONS = NO;
				ENABLE_STRICT_OBJC_MSGSEND = YES;
				GCC_C_LANGUAGE_STANDARD = gnu11;
				GCC_NO_COMMON_BLOCKS = YES;
				GCC_WARN_64_TO_32_BIT_CONVERSION = YES;
				GCC_WARN_ABOUT_RETURN_TYPE = YES_ERROR;
				GCC_WARN_UNDECLARED_SELECTOR = YES;
				GCC_WARN_UNINITIALIZED_AUTOS = YES_AGGRESSIVE;
				GCC_WARN_UNUSED_FUNCTION = YES;
				GCC_WARN_UNUSED_VARIABLE = YES;
				IPHONEOS_DEPLOYMENT_TARGET = 11.2;
				MTL_ENABLE_DEBUG_INFO = NO;
				SDKROOT = iphoneos;
				SWIFT_OPTIMIZATION_LEVEL = "-Owholemodule";
				VALIDATE_PRODUCT = YES;
			};
			name = Release;
		};
		BC15DF9220724D210075B141 /* Debug */ = {
			isa = XCBuildConfiguration;
			buildSettings = {
				ASSETCATALOG_COMPILER_APPICON_NAME = AppIcon;
				CODE_SIGN_STYLE = Automatic;
				DEVELOPMENT_TEAM = Y72B7R5K2B;
				INFOPLIST_FILE = JWSOperationQueueSample/Info.plist;
				LD_RUNPATH_SEARCH_PATHS = "$(inherited) @executable_path/Frameworks";
				PRODUCT_BUNDLE_IDENTIFIER = kr.co.clintjang.JWSOperationQueueSample;
				PRODUCT_NAME = "$(TARGET_NAME)";
				SWIFT_VERSION = 4.0;
				TARGETED_DEVICE_FAMILY = "1,2";
			};
			name = Debug;
		};
		BC15DF9320724D210075B141 /* Release */ = {
			isa = XCBuildConfiguration;
			buildSettings = {
				ASSETCATALOG_COMPILER_APPICON_NAME = AppIcon;
				CODE_SIGN_STYLE = Automatic;
				DEVELOPMENT_TEAM = Y72B7R5K2B;
				INFOPLIST_FILE = JWSOperationQueueSample/Info.plist;
				LD_RUNPATH_SEARCH_PATHS = "$(inherited) @executable_path/Frameworks";
				PRODUCT_BUNDLE_IDENTIFIER = kr.co.clintjang.JWSOperationQueueSample;
				PRODUCT_NAME = "$(TARGET_NAME)";
				SWIFT_VERSION = 4.0;
				TARGETED_DEVICE_FAMILY = "1,2";
			};
			name = Release;
		};
/* End XCBuildConfiguration section */

/* Begin XCConfigurationList section */
		BC15DF7A20724D210075B141 /* Build configuration list for PBXProject "JWSOperationQueueSample" */ = {
			isa = XCConfigurationList;
			buildConfigurations = (
				BC15DF8F20724D210075B141 /* Debug */,
				BC15DF9020724D210075B141 /* Release */,
			);
			defaultConfigurationIsVisible = 0;
			defaultConfigurationName = Release;
		};
		BC15DF9120724D210075B141 /* Build configuration list for PBXNativeTarget "JWSOperationQueueSample" */ = {
			isa = XCConfigurationList;
			buildConfigurations = (
				BC15DF9220724D210075B141 /* Debug */,
				BC15DF9320724D210075B141 /* Release */,
			);
			defaultConfigurationIsVisible = 0;
			defaultConfigurationName = Release;
		};
/* End XCConfigurationList section */
	};
	rootObject = BC15DF7720724D210075B141 /* Project object */;
}
